# Generated by buf. DO NOT EDIT.
deps:
  - remote: buf.build
    owner: alexisvisco
    repository: graphql-proxy-grpc
    branch: main
    commit: 2d552ef782e54abeba95ec2966ab1352
    digest: b1-m6YZ-xxG122w6GlK_yGcwMUWWECO3iXVpI8Umc01p-g=
    create_time: 2021-07-27T19:32:06.018368Z
  - remote: buf.build
    owner: beta
    repository: googleapis
    branch: main
    commit: 1c473ad9220a49bca9320f4cc690eba5
    digest: b1-unlhrcI3tnJd0JEGuOb692LZ_tY_gCGq6mK1bgCn1Pg=
    create_time: 2021-06-23T20:16:47.788079Z
